
Microsoft Visual Studio Solution File, Format Version 12.00
# Visual Studio Version 16
VisualStudioVersion = 16.0.29411.108
MinimumVisualStudioVersion = 10.0.40219.1
Project("{FAE04EC0-301F-11D3-BF4B-00C04F79EFBC}") = "MrPiattoClient", "MrPiattoClient.csproj", "{6F400EC2-D215-4EBE-96CD-8C84E1E4713E}"
EndProject
Global
	GlobalSection(SolutionConfigurationPlatforms) = preSolution
		Debug|Any CPU = Debug|Any CPU
		Release|Any CPU = Release|Any CPU
	EndGlobalSection
	GlobalSection(ProjectConfigurationPlatforms) = postSolution
		{6F400EC2-D215-4EBE-96CD-8C84E1E4713E}.Debug|Any CPU.ActiveCfg = Debug|Any CPU
		{6F400EC2-D215-4EBE-96CD-8C84E1E4713E}.Debug|Any CPU.Build.0 = Debug|Any CPU
		{6F400EC2-D215-4EBE-96CD-8C84E1E4713E}.Debug|Any CPU.Deploy.0 = Debug|Any CPU
		{6F400EC2-D215-4EBE-96CD-8C84E1E4713E}.Release|Any CPU.ActiveCfg = Release|Any CPU
		{6F400EC2-D215-4EBE-96CD-8C84E1E4713E}.Release|Any CPU.Build.0 = Release|Any CPU
		{6F400EC2-D215-4EBE-96CD-8C84E1E4713E}.Release|Any CPU.Deploy.0 = Release|Any CPU
	EndGlobalSection
	GlobalSection(SolutionProperties) = preSolution
		HideSolutionNode = FALSE
	EndGlobalSection
	GlobalSection(ExtensibilityGlobals) = postSolution
		SolutionGuid = {300F855B-C326-43D5-992D-CB8FCCFB4BBD}
	EndGlobalSection
EndGlobal
